Microsoft Visual Studio Solution File, Format Version 12.00
# Visual Studio Version 17
VisualStudioVersion = 17.5.2.0
MinimumVisualStudioVersion = 10.0.40219.1
Project("{FAE04EC0-301F-11D3-BF4B-00C04F79EFBC}") = "repo2", "repo2.csproj", "{20C87ED2-39C2-44E5-FD95-4398D7B6A08C}"
EndProject
Global
	GlobalSection(SolutionConfigurationPlatforms) = preSolution
		Debug|Any CPU = Debug|Any CPU
		Release|Any CPU = Release|Any CPU
	EndGlobalSection
	GlobalSection(ProjectConfigurationPlatforms) = postSolution
		{20C87ED2-39C2-44E5-FD95-4398D7B6A08C}.Debug|Any CPU.ActiveCfg = Debug|Any CPU
		{20C87ED2-39C2-44E5-FD95-4398D7B6A08C}.Debug|Any CPU.Build.0 = Debug|Any CPU
		{20C87ED2-39C2-44E5-FD95-4398D7B6A08C}.Release|Any CPU.ActiveCfg = Release|Any CPU
		{20C87ED2-39C2-44E5-FD95-4398D7B6A08C}.Release|Any CPU.Build.0 = Release|Any CPU
	EndGlobalSection
	GlobalSection(SolutionProperties) = preSolution
		HideSolutionNode = FALSE
	EndGlobalSection
	GlobalSection(ExtensibilityGlobals) = postSolution
		SolutionGuid = {3EF3618C-52E2-4B92-A13A-01786466B713}
	EndGlobalSection
EndGlobal
